
Microsoft Visual Studio Solution File, Format Version 12.00
# Visual Studio Version 17
VisualStudioVersion = 17.5.33627.172
MinimumVisualStudioVersion = 10.0.40219.1
Project("{2150E333-8FDC-42A3-9474-1A3956D46DE8}") = "src", "src", "{025C07E6-CAD8-45A1-B368-CB214C456F66}"
EndProject
Project("{9A19103F-16F7-4668-BE54-9A1E7A4F7556}") = "RestaurantReservation", "src\RestaurantReservation\RestaurantReservation.csproj", "{91C0FECC-BFED-464B-9CB3-06FE73951D89}"
EndProject
Project("{9A19103F-16F7-4668-BE54-9A1E7A4F7556}") = "RestaurantReservation.Application", "src\RestaurantReservation.Application\RestaurantReservation.Application.csproj", "{E2EE7BC8-1C70-49DC-BDEB-377F89F3E330}"
EndProject
Project("{9A19103F-16F7-4668-BE54-9A1E7A4F7556}") = "RestaurantReservation.Data", "src\RestaurantReservation.Data\RestaurantReservation.Data.csproj", "{10022462-7402-4177-8D35-5EA4983213B0}"
EndProject
Project("{9A19103F-16F7-4668-BE54-9A1E7A4F7556}") = "RestaurantReservation.Domain", "src\RestaurantReservation.Domain\RestaurantReservation.Domain.csproj", "{3C635FE8-69A4-44F7-9B99-E30F9E93E9C3}"
EndProject
Project("{2150E333-8FDC-42A3-9474-1A3956D46DE8}") = "tests", "tests", "{14DA0202-15D3-43C5-B73E-EC36198E61DC}"
EndProject
Project("{9A19103F-16F7-4668-BE54-9A1E7A4F7556}") = "RestaurantReservation.Application.Tests", "tests\RestaurantReservation.Application.Tests\RestaurantReservation.Application.Tests.csproj", "{B1EEF213-D065-4C3C-9578-1218DB4C2675}"
EndProject
Project("{FAE04EC0-301F-11D3-BF4B-00C04F79EFBC}") = "RestaurantReservation.Data.Abstractions", "src\RestaurantReservation.Data.Abstractions\RestaurantReservation.Data.Abstractions.csproj", "{F612E95D-73C8-4E99-A36D-88BD06ED43D6}"
EndProject
Global
	GlobalSection(SolutionConfigurationPlatforms) = preSolution
		Debug|Any CPU = Debug|Any CPU
		Release|Any CPU = Release|Any CPU
	EndGlobalSection
	GlobalSection(ProjectConfigurationPlatforms) = postSolution
		{91C0FECC-BFED-464B-9CB3-06FE73951D89}.Debug|Any CPU.ActiveCfg = Debug|Any CPU
		{91C0FECC-BFED-464B-9CB3-06FE73951D89}.Debug|Any CPU.Build.0 = Debug|Any CPU
		{91C0FECC-BFED-464B-9CB3-06FE73951D89}.Release|Any CPU.ActiveCfg = Release|Any CPU
		{91C0FECC-BFED-464B-9CB3-06FE73951D89}.Release|Any CPU.Build.0 = Release|Any CPU
		{E2EE7BC8-1C70-49DC-BDEB-377F89F3E330}.Debug|Any CPU.ActiveCfg = Debug|Any CPU
		{E2EE7BC8-1C70-49DC-BDEB-377F89F3E330}.Debug|Any CPU.Build.0 = Debug|Any CPU
		{E2EE7BC8-1C70-49DC-BDEB-377F89F3E330}.Release|Any CPU.ActiveCfg = Release|Any CPU
		{E2EE7BC8-1C70-49DC-BDEB-377F89F3E330}.Release|Any CPU.Build.0 = Release|Any CPU
		{10022462-7402-4177-8D35-5EA4983213B0}.Debug|Any CPU.ActiveCfg = Debug|Any CPU
		{10022462-7402-4177-8D35-5EA4983213B0}.Debug|Any CPU.Build.0 = Debug|Any CPU
		{10022462-7402-4177-8D35-5EA4983213B0}.Release|Any CPU.ActiveCfg = Release|Any CPU
		{10022462-7402-4177-8D35-5EA4983213B0}.Release|Any CPU.Build.0 = Release|Any CPU
		{3C635FE8-69A4-44F7-9B99-E30F9E93E9C3}.Debug|Any CPU.ActiveCfg = Debug|Any CPU
		{3C635FE8-69A4-44F7-9B99-E30F9E93E9C3}.Debug|Any CPU.Build.0 = Debug|Any CPU
		{3C635FE8-69A4-44F7-9B99-E30F9E93E9C3}.Release|Any CPU.ActiveCfg = Release|Any CPU
		{3C635FE8-69A4-44F7-9B99-E30F9E93E9C3}.Release|Any CPU.Build.0 = Release|Any CPU
		{B1EEF213-D065-4C3C-9578-1218DB4C2675}.Debug|Any CPU.ActiveCfg = Debug|Any CPU
		{B1EEF213-D065-4C3C-9578-1218DB4C2675}.Debug|Any CPU.Build.0 = Debug|Any CPU
		{B1EEF213-D065-4C3C-9578-1218DB4C2675}.Release|Any CPU.ActiveCfg = Release|Any CPU
		{B1EEF213-D065-4C3C-9578-1218DB4C2675}.Release|Any CPU.Build.0 = Release|Any CPU
		{F612E95D-73C8-4E99-A36D-88BD06ED43D6}.Debug|Any CPU.ActiveCfg = Debug|Any CPU
		{F612E95D-73C8-4E99-A36D-88BD06ED43D6}.Debug|Any CPU.Build.0 = Debug|Any CPU
		{F612E95D-73C8-4E99-A36D-88BD06ED43D6}.Release|Any CPU.ActiveCfg = Release|Any CPU
		{F612E95D-73C8-4E99-A36D-88BD06ED43D6}.Release|Any CPU.Build.0 = Release|Any CPU
	EndGlobalSection
	GlobalSection(SolutionProperties) = preSolution
		HideSolutionNode = FALSE
	EndGlobalSection
	GlobalSection(NestedProjects) = preSolution
		{91C0FECC-BFED-464B-9CB3-06FE73951D89} = {025C07E6-CAD8-45A1-B368-CB214C456F66}
		{E2EE7BC8-1C70-49DC-BDEB-377F89F3E330} = {025C07E6-CAD8-45A1-B368-CB214C456F66}
		{10022462-7402-4177-8D35-5EA4983213B0} = {025C07E6-CAD8-45A1-B368-CB214C456F66}
		{3C635FE8-69A4-44F7-9B99-E30F9E93E9C3} = {025C07E6-CAD8-45A1-B368-CB214C456F66}
		{B1EEF213-D065-4C3C-9578-1218DB4C2675} = {14DA0202-15D3-43C5-B73E-EC36198E61DC}
		{F612E95D-73C8-4E99-A36D-88BD06ED43D6} = {025C07E6-CAD8-45A1-B368-CB214C456F66}
	EndGlobalSection
	GlobalSection(ExtensibilityGlobals) = postSolution
		SolutionGuid = {06903F57-F4C5-4109-A1A8-162CEA0706CB}
	EndGlobalSection
EndGlobal
