
Microsoft Visual Studio Solution File, Format Version 12.00
# Visual Studio Version 17
VisualStudioVersion = 17.5.33627.172
MinimumVisualStudioVersion = 10.0.40219.1
Project("{9A19103F-16F7-4668-BE54-9A1E7A4F7556}") = "RestaurantReservation", "RestaurantReservation\RestaurantReservation.csproj", "{B5B0728F-03B2-4852-949A-CE0CE40AA2A4}"
EndProject
Project("{9A19103F-16F7-4668-BE54-9A1E7A4F7556}") = "RestaurantReservation.Domain", "RestaurantReservation.Domain\RestaurantReservation.Domain.csproj", "{37FA1781-1A00-426D-A5AF-19B98BB0C4F4}"
EndProject
Project("{9A19103F-16F7-4668-BE54-9A1E7A4F7556}") = "RestaurantReservation.Data", "RestaurantReservation.Data\RestaurantReservation.Data.csproj", "{D4C6C1B1-A98E-4C84-8CF6-B33765620338}"
EndProject
Project("{9A19103F-16F7-4668-BE54-9A1E7A4F7556}") = "RestaurantReservation.Application", "RestaurantReservation.Application\RestaurantReservation.Application.csproj", "{41B72539-998E-4D18-A95C-344CF122F81D}"
EndProject
Global
	GlobalSection(SolutionConfigurationPlatforms) = preSolution
		Debug|Any CPU = Debug|Any CPU
		Release|Any CPU = Release|Any CPU
	EndGlobalSection
	GlobalSection(ProjectConfigurationPlatforms) = postSolution
		{B5B0728F-03B2-4852-949A-CE0CE40AA2A4}.Debug|Any CPU.ActiveCfg = Debug|Any CPU
		{B5B0728F-03B2-4852-949A-CE0CE40AA2A4}.Debug|Any CPU.Build.0 = Debug|Any CPU
		{B5B0728F-03B2-4852-949A-CE0CE40AA2A4}.Release|Any CPU.ActiveCfg = Release|Any CPU
		{B5B0728F-03B2-4852-949A-CE0CE40AA2A4}.Release|Any CPU.Build.0 = Release|Any CPU
		{37FA1781-1A00-426D-A5AF-19B98BB0C4F4}.Debug|Any CPU.ActiveCfg = Debug|Any CPU
		{37FA1781-1A00-426D-A5AF-19B98BB0C4F4}.Debug|Any CPU.Build.0 = Debug|Any CPU
		{37FA1781-1A00-426D-A5AF-19B98BB0C4F4}.Release|Any CPU.ActiveCfg = Release|Any CPU
		{37FA1781-1A00-426D-A5AF-19B98BB0C4F4}.Release|Any CPU.Build.0 = Release|Any CPU
		{D4C6C1B1-A98E-4C84-8CF6-B33765620338}.Debug|Any CPU.ActiveCfg = Debug|Any CPU
		{D4C6C1B1-A98E-4C84-8CF6-B33765620338}.Debug|Any CPU.Build.0 = Debug|Any CPU
		{D4C6C1B1-A98E-4C84-8CF6-B33765620338}.Release|Any CPU.ActiveCfg = Release|Any CPU
		{D4C6C1B1-A98E-4C84-8CF6-B33765620338}.Release|Any CPU.Build.0 = Release|Any CPU
		{41B72539-998E-4D18-A95C-344CF122F81D}.Debug|Any CPU.ActiveCfg = Debug|Any CPU
		{41B72539-998E-4D18-A95C-344CF122F81D}.Debug|Any CPU.Build.0 = Debug|Any CPU
		{41B72539-998E-4D18-A95C-344CF122F81D}.Release|Any CPU.ActiveCfg = Release|Any CPU
		{41B72539-998E-4D18-A95C-344CF122F81D}.Release|Any CPU.Build.0 = Release|Any CPU
	EndGlobalSection
	GlobalSection(SolutionProperties) = preSolution
		HideSolutionNode = FALSE
	EndGlobalSection
	GlobalSection(ExtensibilityGlobals) = postSolution
		SolutionGuid = {06903F57-F4C5-4109-A1A8-162CEA0706CB}
	EndGlobalSection
EndGlobal
